<?xml version="1.0" encoding="UTF-8" standalone="yes" ?>
<CodeBlocks_project_file>
	<FileVersion major="1" minor="6" />
	<Project>
		<Option title="Main" />
		<Option pch_mode="2" />
		<Option compiler="gcc" />
		<Build>
			<Target title="Debug">
				<Option output="bin/Debug/Main" prefix_auto="1" extension_auto="1" />
				<Option object_output="obj/Debug/" />
				<Option type="1" />
				<Option compiler="gcc" />
				<Compiler>
					<Add option="-g" />
				</Compiler>
			</Target>
			<Target title="Release">
				<Option output="bin/Release/Main" prefix_auto="1" extension_auto="1" />
				<Option object_output="obj/Release/" />
				<Option type="1" />
				<Option compiler="gcc" />
				<Compiler>
					<Add option="-O2" />
				</Compiler>
				<Linker>
					<Add option="-s" />
				</Linker>
			</Target>
		</Build>
		<Compiler>
			<Add option="-Wall" />
			<Add option="-fexceptions" />
		</Compiler>
		<Unit filename="BellmanFord.h" />
		<Unit filename="DisjointSetUnion.h" />
		<Unit filename="EulerianPathDirected.h" />
		<Unit filename="EulerianPathUndirected.h" />
		<Unit filename="FloydWarshall.h" />
		<Unit filename="GrayCodeBitManipulation.h" />
		<Unit filename="HamiltonianPathUndirected.h" />
		<Unit filename="Heap.h" />
		<Unit filename="HuffmanCoding.h" />
		<Unit filename="Kosaraju.h" />
		<Unit filename="Kruskal_MST.h" />
		<Unit filename="Prims_MST.h" />
		<Unit filename="SegmentTreeMinimumQuery.h" />
		<Unit filename="SegmentTreeSumQuery.h" />
		<Unit filename="TopSort.h" />
		<Unit filename="main.cpp" />
		<Extensions>
			<lib_finder disable_auto="1" />
		</Extensions>
	</Project>
</CodeBlocks_project_file>
